// !$*UTF8*$!
{
	archiveVersion = 1;
	classes = {
	};
	objectVersion = 46;
	objects = {

/* Begin PBXBuildFile section */
		CD8FA65C198B21DB0094B2F0 /* Foundation.framework in Frameworks */ = {isa = PBXBuildFile; fileRef = CD8FA65B198B21DB0094B2F0 /* Foundation.framework */; };
		CD8FA65E198B21DB0094B2F0 /* CoreGraphics.framework in Frameworks */ = {isa = PBXBuildFile; fileRef = CD8FA65D198B21DB0094B2F0 /* CoreGraphics.framework */; };
		CD8FA660198B21DB0094B2F0 /* UIKit.framework in Frameworks */ = {isa = PBXBuildFile; fileRef = CD8FA65F198B21DB0094B2F0 /* UIKit.framework */; };
		CD8FA666198B21DB0094B2F0 /* InfoPlist.strings in Resources */ = {isa = PBXBuildFile; fileRef = CD8FA664198B21DB0094B2F0 /* InfoPlist.strings */; };
		CD8FA668198B21DB0094B2F0 /* main.m in Sources */ = {isa = PBXBuildFile; fileRef = CD8FA667198B21DB0094B2F0 /* main.m */; };
		CD8FA66C198B21DB0094B2F0 /* SQLAppDelegate.m in Sources */ = {isa = PBXBuildFile; fileRef = CD8FA66B198B21DB0094B2F0 /* SQLAppDelegate.m */; };
		CD8FA66E198B21DB0094B2F0 /* Images.xcassets in Resources */ = {isa = PBXBuildFile; fileRef = CD8FA66D198B21DB0094B2F0 /* Images.xcassets */; };
		CD8FA675198B21DB0094B2F0 /* XCTest.framework in Frameworks */ = {isa = PBXBuildFile; fileRef = CD8FA674198B21DB0094B2F0 /* XCTest.framework */; };
		CD8FA676198B21DB0094B2F0 /* Foundation.framework in Frameworks */ = {isa = PBXBuildFile; fileRef = CD8FA65B198B21DB0094B2F0 /* Foundation.framework */; };
		CD8FA677198B21DB0094B2F0 /* UIKit.framework in Frameworks */ = {isa = PBXBuildFile; fileRef = CD8FA65F198B21DB0094B2F0 /* UIKit.framework */; };
		CD8FA67F198B21DB0094B2F0 /* InfoPlist.strings in Resources */ = {isa = PBXBuildFile; fileRef = CD8FA67D198B21DB0094B2F0 /* InfoPlist.strings */; };
		CD8FA681198B21DB0094B2F0 /* sqliteObjectDemo02Tests.m in Sources */ = {isa = PBXBuildFile; fileRef = CD8FA680198B21DB0094B2F0 /* sqliteObjectDemo02Tests.m */; };
/* End PBXBuildFile section */

/* Begin PBXContainerItemProxy section */
		CD8FA678198B21DB0094B2F0 /* PBXContainerItemProxy */ = {
			isa = PBXContainerItemProxy;
			containerPortal = CD8FA650198B21DB0094B2F0 /* Project object */;
			proxyType = 1;
			remoteGlobalIDString = CD8FA657198B21DB0094B2F0;
			remoteInfo = sqliteObjectDemo02;
		};
/* End PBXContainerItemProxy section */

/* Begin PBXFileReference section */
		CD8FA658198B21DB0094B2F0 /* sqliteObjectDemo02.app */ = {isa = PBXFileReference; explicitFileType = wrapper.application; includeInIndex = 0; path = sqliteObjectDemo02.app; sourceTree = BUILT_PRODUCTS_DIR; };
		CD8FA65B198B21DB0094B2F0 /* Foundation.framework */ = {isa = PBXFileReference; lastKnownFileType = wrapper.framework; name = Foundation.framework; path = System/Library/Frameworks/Foundation.framework; sourceTree = SDKROOT; };
		CD8FA65D198B21DB0094B2F0 /* CoreGraphics.framework */ = {isa = PBXFileReference; lastKnownFileType = wrapper.framework; name = CoreGraphics.framework; path = System/Library/Frameworks/CoreGraphics.framework; sourceTree = SDKROOT; };
		CD8FA65F198B21DB0094B2F0 /* UIKit.framework */ = {isa = PBXFileReference; lastKnownFileType = wrapper.framework; name = UIKit.framework; path = System/Library/Frameworks/UIKit.framework; sourceTree = SDKROOT; };
		CD8FA663198B21DB0094B2F0 /* sqliteObjectDemo02-Info.plist */ = {isa = PBXFileReference; lastKnownFileType = text.plist.xml; path = "sqliteObjectDemo02-Info.plist"; sourceTree = "<group>"; };
		CD8FA665198B21DB0094B2F0 /* en */ = {isa = PBXFileReference; lastKnownFileType = text.plist.strings; name = en; path = en.lproj/InfoPlist.strings; sourceTree = "<group>"; };
		CD8FA667198B21DB0094B2F0 /* main.m */ = {isa = PBXFileReference; lastKnownFileType = sourcecode.c.objc; path = main.m; sourceTree = "<group>"; };
		CD8FA669198B21DB0094B2F0 /* sqliteObjectDemo02-Prefix.pch */ = {isa = PBXFileReference; lastKnownFileType = sourcecode.c.h; path = "sqliteObjectDemo02-Prefix.pch"; sourceTree = "<group>"; };
		CD8FA66A198B21DB0094B2F0 /* SQLAppDelegate.h */ = {isa = PBXFileReference; lastKnownFileType = sourcecode.c.h; path = SQLAppDelegate.h; sourceTree = "<group>"; };
		CD8FA66B198B21DB0094B2F0 /* SQLAppDelegate.m */ = {isa = PBXFileReference; lastKnownFileType = sourcecode.c.objc; path = SQLAppDelegate.m; sourceTree = "<group>"; };
		CD8FA66D198B21DB0094B2F0 /* Images.xcassets */ = {isa = PBXFileReference; lastKnownFileType = folder.assetcatalog; path = Images.xcassets; sourceTree = "<group>"; };
		CD8FA673198B21DB0094B2F0 /* sqliteObjectDemo02Tests.xctest */ = {isa = PBXFileReference; explicitFileType = wrapper.cfbundle; includeInIndex = 0; path = sqliteObjectDemo02Tests.xctest; sourceTree = BUILT_PRODUCTS_DIR; };
		CD8FA674198B21DB0094B2F0 /* XCTest.framework */ = {isa = PBXFileReference; lastKnownFileType = wrapper.framework; name = XCTest.framework; path = Library/Frameworks/XCTest.framework; sourceTree = DEVELOPER_DIR; };
		CD8FA67C198B21DB0094B2F0 /* sqliteObjectDemo02Tests-Info.plist */ = {isa = PBXFileReference; lastKnownFileType = text.plist.xml; path = "sqliteObjectDemo02Tests-Info.plist"; sourceTree = "<group>"; };
		CD8FA67E198B21DB0094B2F0 /* en */ = {isa = PBXFileReference; lastKnownFileType = text.plist.strings; name = en; path = en.lproj/InfoPlist.strings; sourceTree = "<group>"; };
		CD8FA680198B21DB0094B2F0 /* sqliteObjectDemo02Tests.m */ = {isa = PBXFileReference; lastKnownFileType = sourcecode.c.objc; path = sqliteObjectDemo02Tests.m; sourceTree = "<group>"; };
/* End PBXFileReference section */

/* Begin PBXFrameworksBuildPhase section */
		CD8FA655198B21DB0094B2F0 /* Frameworks */ = {
			isa = PBXFrameworksBuildPhase;
			buildActionMask = 2147483647;
			files = (
				CD8FA65E198B21DB0094B2F0 /* CoreGraphics.framework in Frameworks */,
				CD8FA660198B21DB0094B2F0 /* UIKit.framework in Frameworks */,
				CD8FA65C198B21DB0094B2F0 /* Foundation.framework in Frameworks */,
			);
			runOnlyForDeploymentPostprocessing = 0;
		};
		CD8FA670198B21DB0094B2F0 /* Frameworks */ = {
			isa = PBXFrameworksBuildPhase;
			buildActionMask = 2147483647;
			files = (
				CD8FA675198B21DB0094B2F0 /* XCTest.framework in Frameworks */,
				CD8FA677198B21DB0094B2F0 /* UIKit.framework in Frameworks */,
				CD8FA676198B21DB0094B2F0 /* Foundation.framework in Frameworks */,
			);
			runOnlyForDeploymentPostprocessing = 0;
		};
/* End PBXFrameworksBuildPhase section */

/* Begin PBXGroup section */
		CD8FA64F198B21DB0094B2F0 = {
			isa = PBXGroup;
			children = (
				CD8FA661198B21DB0094B2F0 /* sqliteObjectDemo02 */,
				CD8FA67A198B21DB0094B2F0 /* sqliteObjectDemo02Tests */,
				CD8FA65A198B21DB0094B2F0 /* Frameworks */,
				CD8FA659198B21DB0094B2F0 /* Products */,
			);
			sourceTree = "<group>";
		};
		CD8FA659198B21DB0094B2F0 /* Products */ = {
			isa = PBXGroup;
			children = (
				CD8FA658198B21DB0094B2F0 /* sqliteObjectDemo02.app */,
				CD8FA673198B21DB0094B2F0 /* sqliteObjectDemo02Tests.xctest */,
			);
			name = Products;
			sourceTree = "<group>";
		};
		CD8FA65A198B21DB0094B2F0 /* Frameworks */ = {
			isa = PBXGroup;
			children = (
				CD8FA65B198B21DB0094B2F0 /* Foundation.framework */,
				CD8FA65D198B21DB0094B2F0 /* CoreGraphics.framework */,
				CD8FA65F198B21DB0094B2F0 /* UIKit.framework */,
				CD8FA674198B21DB0094B2F0 /* XCTest.framework */,
			);
			name = Frameworks;
			sourceTree = "<group>";
		};
		CD8FA661198B21DB0094B2F0 /* sqliteObjectDemo02 */ = {
			isa = PBXGroup;
			children = (
				CD8FA66A198B21DB0094B2F0 /* SQLAppDelegate.h */,
				CD8FA66B198B21DB0094B2F0 /* SQLAppDelegate.m */,
				CD8FA66D198B21DB0094B2F0 /* Images.xcassets */,
				CD8FA662198B21DB0094B2F0 /* Supporting Files */,
			);
			path = sqliteObjectDemo02;
			sourceTree = "<group>";
		};
		CD8FA662198B21DB0094B2F0 /* Supporting Files */ = {
			isa = PBXGroup;
			children = (
				CD8FA663198B21DB0094B2F0 /* sqliteObjectDemo02-Info.plist */,
				CD8FA664198B21DB0094B2F0 /* InfoPlist.strings */,
				CD8FA667198B21DB0094B2F0 /* main.m */,
				CD8FA669198B21DB0094B2F0 /* sqliteObjectDemo02-Prefix.pch */,
			);
			name = "Supporting Files";
			sourceTree = "<group>";
		};
		CD8FA67A198B21DB0094B2F0 /* sqliteObjectDemo02Tests */ = {
			isa = PBXGroup;
			children = (
				CD8FA680198B21DB0094B2F0 /* sqliteObjectDemo02Tests.m */,
				CD8FA67B198B21DB0094B2F0 /* Supporting Files */,
			);
			path = sqliteObjectDemo02Tests;
			sourceTree = "<group>";
		};
		CD8FA67B198B21DB0094B2F0 /* Supporting Files */ = {
			isa = PBXGroup;
			children = (
				CD8FA67C198B21DB0094B2F0 /* sqliteObjectDemo02Tests-Info.plist */,
				CD8FA67D198B21DB0094B2F0 /* InfoPlist.strings */,
			);
			name = "Supporting Files";
			sourceTree = "<group>";
		};
/* End PBXGroup section */

/* Begin PBXNativeTarget section */
		CD8FA657198B21DB0094B2F0 /* sqliteObjectDemo02 */ = {
			isa = PBXNativeTarget;
			buildConfigurationList = CD8FA684198B21DB0094B2F0 /* Build configuration list for PBXNativeTarget "sqliteObjectDemo02" */;
			buildPhases = (
				CD8FA654198B21DB0094B2F0 /* Sources */,
				CD8FA655198B21DB0094B2F0 /* Frameworks */,
				CD8FA656198B21DB0094B2F0 /* Resources */,
			);
			buildRules = (
			);
			dependencies = (
			);
			name = sqliteObjectDemo02;
			productName = sqliteObjectDemo02;
			productReference = CD8FA658198B21DB0094B2F0 /* sqliteObjectDemo02.app */;
			productType = "com.apple.product-type.application";
		};
		CD8FA672198B21DB0094B2F0 /* sqliteObjectDemo02Tests */ = {
			isa = PBXNativeTarget;
			buildConfigurationList = CD8FA687198B21DB0094B2F0 /* Build configuration list for PBXNativeTarget "sqliteObjectDemo02Tests" */;
			buildPhases = (
				CD8FA66F198B21DB0094B2F0 /* Sources */,
				CD8FA670198B21DB0094B2F0 /* Frameworks */,
				CD8FA671198B21DB0094B2F0 /* Resources */,
			);
			buildRules = (
			);
			dependencies = (
				CD8FA679198B21DB0094B2F0 /* PBXTargetDependency */,
			);
			name = sqliteObjectDemo02Tests;
			productName = sqliteObjectDemo02Tests;
			productReference = CD8FA673198B21DB0094B2F0 /* sqliteObjectDemo02Tests.xctest */;
			productType = "com.apple.product-type.bundle.unit-test";
		};
/* End PBXNativeTarget section */

/* Begin PBXProject section */
		CD8FA650198B21DB0094B2F0 /* Project object */ = {
			isa = PBXProject;
			attributes = {
				CLASSPREFIX = SQL;
				LastUpgradeCheck = 0510;
				ORGANIZATIONNAME = hanlong;
				TargetAttributes = {
					CD8FA672198B21DB0094B2F0 = {
						TestTargetID = CD8FA657198B21DB0094B2F0;
					};
				};
			};
			buildConfigurationList = CD8FA653198B21DB0094B2F0 /* Build configuration list for PBXProject "sqliteObjectDemo02" */;
			compatibilityVersion = "Xcode 3.2";
			developmentRegion = English;
			hasScannedForEncodings = 0;
			knownRegions = (
				en,
			);
			mainGroup = CD8FA64F198B21DB0094B2F0;
			productRefGroup = CD8FA659198B21DB0094B2F0 /* Products */;
			projectDirPath = "";
			projectRoot = "";
			targets = (
				CD8FA657198B21DB0094B2F0 /* sqliteObjectDemo02 */,
				CD8FA672198B21DB0094B2F0 /* sqliteObjectDemo02Tests */,
			);
		};
/* End PBXProject section */

/* Begin PBXResourcesBuildPhase section */
		CD8FA656198B21DB0094B2F0 /* Resources */ = {
			isa = PBXResourcesBuildPhase;
			buildActionMask = 2147483647;
			files = (
				CD8FA666198B21DB0094B2F0 /* InfoPlist.strings in Resources */,
				CD8FA66E198B21DB0094B2F0 /* Images.xcassets in Resources */,
			);
			runOnlyForDeploymentPostprocessing = 0;
		};
		CD8FA671198B21DB0094B2F0 /* Resources */ = {
			isa = PBXResourcesBuildPhase;
			buildActionMask = 2147483647;
			files = (
				CD8FA67F198B21DB0094B2F0 /* InfoPlist.strings in Resources */,
			);
			runOnlyForDeploymentPostprocessing = 0;
		};
/* End PBXResourcesBuildPhase section */

/* Begin PBXSourcesBuildPhase section */
		CD8FA654198B21DB0094B2F0 /* Sources */ = {
			isa = PBXSourcesBuildPhase;
			buildActionMask = 2147483647;
			files = (
				CD8FA668198B21DB0094B2F0 /* main.m in Sources */,
				CD8FA66C198B21DB0094B2F0 /* SQLAppDelegate.m in Sources */,
			);
			runOnlyForDeploymentPostprocessing = 0;
		};
		CD8FA66F198B21DB0094B2F0 /* Sources */ = {
			isa = PBXSourcesBuildPhase;
			buildActionMask = 2147483647;
			files = (
				CD8FA681198B21DB0094B2F0 /* sqliteObjectDemo02Tests.m in Sources */,
			);
			runOnlyForDeploymentPostprocessing = 0;
		};
/* End PBXSourcesBuildPhase section */

/* Begin PBXTargetDependency section */
		CD8FA679198B21DB0094B2F0 /* PBXTargetDependency */ = {
			isa = PBXTargetDependency;
			target = CD8FA657198B21DB0094B2F0 /* sqliteObjectDemo02 */;
			targetProxy = CD8FA678198B21DB0094B2F0 /* PBXContainerItemProxy */;
		};
/* End PBXTargetDependency section */

/* Begin PBXVariantGroup section */
		CD8FA664198B21DB0094B2F0 /* InfoPlist.strings */ = {
			isa = PBXVariantGroup;
			children = (
				CD8FA665198B21DB0094B2F0 /* en */,
			);
			name = InfoPlist.strings;
			sourceTree = "<group>";
		};
		CD8FA67D198B21DB0094B2F0 /* InfoPlist.strings */ = {
			isa = PBXVariantGroup;
			children = (
				CD8FA67E198B21DB0094B2F0 /* en */,
			);
			name = InfoPlist.strings;
			sourceTree = "<group>";
		};
/* End PBXVariantGroup section */

/* Begin XCBuildConfiguration section */
		CD8FA682198B21DB0094B2F0 /* Debug */ = {
			isa = XCBuildConfiguration;
			buildSettings = {
				ALWAYS_SEARCH_USER_PATHS = NO;
				CLANG_CXX_LANGUAGE_STANDARD = "gnu++0x";
				CLANG_CXX_LIBRARY = "libc++";
				CLANG_ENABLE_MODULES = YES;
				CLANG_ENABLE_OBJC_ARC = YES;
				CLANG_WARN_BOOL_CONVERSION = YES;
				CLANG_WARN_CONSTANT_CONVERSION = YES;
				CLANG_WARN_DIRECT_OBJC_ISA_USAGE = YES_ERROR;
				CLANG_WARN_EMPTY_BODY = YES;
				CLANG_WARN_ENUM_CONVERSION = YES;
				CLANG_WARN_INT_CONVERSION = YES;
				CLANG_WARN_OBJC_ROOT_CLASS = YES_ERROR;
				CLANG_WARN__DUPLICATE_METHOD_MATCH = YES;
				"CODE_SIGN_IDENTITY[sdk=iphoneos*]" = "iPhone Developer";
				COPY_PHASE_STRIP = NO;
				GCC_C_LANGUAGE_STANDARD = gnu99;
				GCC_DYNAMIC_NO_PIC = NO;
				GCC_OPTIMIZATION_LEVEL = 0;
				GCC_PREPROCESSOR_DEFINITIONS = (
					"DEBUG=1",
					"$(inherited)",
				);
				GCC_SYMBOLS_PRIVATE_EXTERN = NO;
				GCC_WARN_64_TO_32_BIT_CONVERSION = YES;
				GCC_WARN_ABOUT_RETURN_TYPE = YES_ERROR;
				GCC_WARN_UNDECLARED_SELECTOR = YES;
				GCC_WARN_UNINITIALIZED_AUTOS = YES_AGGRESSIVE;
				GCC_WARN_UNUSED_FUNCTION = YES;
				GCC_WARN_UNUSED_VARIABLE = YES;
				IPHONEOS_DEPLOYMENT_TARGET = 7.1;
				ONLY_ACTIVE_ARCH = YES;
				SDKROOT = iphoneos;
			};
			name = Debug;
		};
		CD8FA683198B21DB0094B2F0 /* Release */ = {
			isa = XCBuildConfiguration;
			buildSettings = {
				ALWAYS_SEARCH_USER_PATHS = NO;
				CLANG_CXX_LANGUAGE_STANDARD = "gnu++0x";
				CLANG_CXX_LIBRARY = "libc++";
				CLANG_ENABLE_MODULES = YES;
				CLANG_ENABLE_OBJC_ARC = YES;
				CLANG_WARN_BOOL_CONVERSION = YES;
				CLANG_WARN_CONSTANT_CONVERSION = YES;
				CLANG_WARN_DIRECT_OBJC_ISA_USAGE = YES_ERROR;
				CLANG_WARN_EMPTY_BODY = YES;
				CLANG_WARN_ENUM_CONVERSION = YES;
				CLANG_WARN_INT_CONVERSION = YES;
				CLANG_WARN_OBJC_ROOT_CLASS = YES_ERROR;
				CLANG_WARN__DUPLICATE_METHOD_MATCH = YES;
				"CODE_SIGN_IDENTITY[sdk=iphoneos*]" = "iPhone Developer";
				COPY_PHASE_STRIP = YES;
				ENABLE_NS_ASSERTIONS = NO;
				GCC_C_LANGUAGE_STANDARD = gnu99;
				GCC_WARN_64_TO_32_BIT_CONVERSION = YES;
				GCC_WARN_ABOUT_RETURN_TYPE = YES_ERROR;
				GCC_WARN_UNDECLARED_SELECTOR = YES;
				GCC_WARN_UNINITIALIZED_AUTOS = YES_AGGRESSIVE;
				GCC_WARN_UNUSED_FUNCTION = YES;
				GCC_WARN_UNUSED_VARIABLE = YES;
				IPHONEOS_DEPLOYMENT_TARGET = 7.1;
				SDKROOT = iphoneos;
				VALIDATE_PRODUCT = YES;
			};
			name = Release;
		};
		CD8FA685198B21DB0094B2F0 /* Debug */ = {
			isa = XCBuildConfiguration;
			buildSettings = {
				ASSETCATALOG_COMPILER_APPICON_NAME = AppIcon;
				ASSETCATALOG_COMPILER_LAUNCHIMAGE_NAME = LaunchImage;
				GCC_PRECOMPILE_PREFIX_HEADER = YES;
				GCC_PREFIX_HEADER = "sqliteObjectDemo02/sqliteObjectDemo02-Prefix.pch";
				INFOPLIST_FILE = "sqliteObjectDemo02/sqliteObjectDemo02-Info.plist";
				PRODUCT_NAME = "$(TARGET_NAME)";
				WRAPPER_EXTENSION = app;
			};
			name = Debug;
		};
		CD8FA686198B21DB0094B2F0 /* Release */ = {
			isa = XCBuildConfiguration;
			buildSettings = {
				ASSETCATALOG_COMPILER_APPICON_NAME = AppIcon;
				ASSETCATALOG_COMPILER_LAUNCHIMAGE_NAME = LaunchImage;
				GCC_PRECOMPILE_PREFIX_HEADER = YES;
				GCC_PREFIX_HEADER = "sqliteObjectDemo02/sqliteObjectDemo02-Prefix.pch";
				INFOPLIST_FILE = "sqliteObjectDemo02/sqliteObjectDemo02-Info.plist";
				PRODUCT_NAME = "$(TARGET_NAME)";
				WRAPPER_EXTENSION = app;
			};
			name = Release;
		};
		CD8FA688198B21DB0094B2F0 /* Debug */ = {
			isa = XCBuildConfiguration;
			buildSettings = {
				BUNDLE_LOADER = "$(BUILT_PRODUCTS_DIR)/sqliteObjectDemo02.app/sqliteObjectDemo02";
				FRAMEWORK_SEARCH_PATHS = (
					"$(SDKROOT)/Developer/Library/Frameworks",
					"$(inherited)",
					"$(DEVELOPER_FRAMEWORKS_DIR)",
				);
				GCC_PRECOMPILE_PREFIX_HEADER = YES;
				GCC_PREFIX_HEADER = "sqliteObjectDemo02/sqliteObjectDemo02-Prefix.pch";
				GCC_PREPROCESSOR_DEFINITIONS = (
					"DEBUG=1",
					"$(inherited)",
				);
				INFOPLIST_FILE = "sqliteObjectDemo02Tests/sqliteObjectDemo02Tests-Info.plist";
				PRODUCT_NAME = "$(TARGET_NAME)";
				TEST_HOST = "$(BUNDLE_LOADER)";
				WRAPPER_EXTENSION = xctest;
			};
			name = Debug;
		};
		CD8FA689198B21DB0094B2F0 /* Release */ = {
			isa = XCBuildConfiguration;
			buildSettings = {
				BUNDLE_LOADER = "$(BUILT_PRODUCTS_DIR)/sqliteObjectDemo02.app/sqliteObjectDemo02";
				FRAMEWORK_SEARCH_PATHS = (
					"$(SDKROOT)/Developer/Library/Frameworks",
					"$(inherited)",
					"$(DEVELOPER_FRAMEWORKS_DIR)",
				);
				GCC_PRECOMPILE_PREFIX_HEADER = YES;
				GCC_PREFIX_HEADER = "sqliteObjectDemo02/sqliteObjectDemo02-Prefix.pch";
				INFOPLIST_FILE = "sqliteObjectDemo02Tests/sqliteObjectDemo02Tests-Info.plist";
				PRODUCT_NAME = "$(TARGET_NAME)";
				TEST_HOST = "$(BUNDLE_LOADER)";
				WRAPPER_EXTENSION = xctest;
			};
			name = Release;
		};
/* End XCBuildConfiguration section */

/* Begin XCConfigurationList section */
		CD8FA653198B21DB0094B2F0 /* Build configuration list for PBXProject "sqliteObjectDemo02" */ = {
			isa = XCConfigurationList;
			buildConfigurations = (
				CD8FA682198B21DB0094B2F0 /* Debug */,
				CD8FA683198B21DB0094B2F0 /* Release */,
			);
			defaultConfigurationIsVisible = 0;
			defaultConfigurationName = Release;
		};
		CD8FA684198B21DB0094B2F0 /* Build configuration list for PBXNativeTarget "sqliteObjectDemo02" */ = {
			isa = XCConfigurationList;
			buildConfigurations = (
				CD8FA685198B21DB0094B2F0 /* Debug */,
				CD8FA686198B21DB0094B2F0 /* Release */,
			);
			defaultConfigurationIsVisible = 0;
		};
		CD8FA687198B21DB0094B2F0 /* Build configuration list for PBXNativeTarget "sqliteObjectDemo02Tests" */ = {
			isa = XCConfigurationList;
			buildConfigurations = (
				CD8FA688198B21DB0094B2F0 /* Debug */,
				CD8FA689198B21DB0094B2F0 /* Release */,
			);
			defaultConfigurationIsVisible = 0;
		};
/* End XCConfigurationList section */
	};
	rootObject = CD8FA650198B21DB0094B2F0 /* Project object */;
}
